// !$*UTF8*$!
{
	archiveVersion = 1;
	classes = {
	};
	objectVersion = 50;
	objects = {

/* Begin PBXBuildFile section */
		035A03AE246E6BB8005E795C /* AppDelegate.swift in Sources */ = {isa = PBXBuildFile; fileRef = 035A03AD246E6BB8005E795C /* AppDelegate.swift */; };
		035A03B0246E6BB8005E795C /* SceneDelegate.swift in Sources */ = {isa = PBXBuildFile; fileRef = 035A03AF246E6BB8005E795C /* SceneDelegate.swift */; };
		035A03B2246E6BB8005E795C /* ViewController.swift in Sources */ = {isa = PBXBuildFile; fileRef = 035A03B1246E6BB8005E795C /* ViewController.swift */; };
		035A03B5246E6BB8005E795C /* Main.storyboard in Resources */ = {isa = PBXBuildFile; fileRef = 035A03B3246E6BB8005E795C /* Main.storyboard */; };
		035A03B7246E6BC8005E795C /* Assets.xcassets in Resources */ = {isa = PBXBuildFile; fileRef = 035A03B6246E6BC8005E795C /* Assets.xcassets */; };
		035A03BA246E6BC8005E795C /* LaunchScreen.storyboard in Resources */ = {isa = PBXBuildFile; fileRef = 035A03B8246E6BC8005E795C /* LaunchScreen.storyboard */; };
		036D7BA52470AFA400B8B5CF /* ImageViewController.swift in Sources */ = {isa = PBXBuildFile; fileRef = 036D7BA42470AFA400B8B5CF /* ImageViewController.swift */; };
		036D7BA72472220600B8B5CF /* xbox.jpg in Resources */ = {isa = PBXBuildFile; fileRef = 036D7BA62472220600B8B5CF /* xbox.jpg */; };
		036D7BA9247224E400B8B5CF /* ps4.png in Resources */ = {isa = PBXBuildFile; fileRef = 036D7BA8247224E400B8B5CF /* ps4.png */; };
		036D7BAB247224F600B8B5CF /* Wii.png in Resources */ = {isa = PBXBuildFile; fileRef = 036D7BAA247224F600B8B5CF /* Wii.png */; };
/* End PBXBuildFile section */

/* Begin PBXFileReference section */
		035A03AA246E6BB8005E795C /* SlideshowApp.app */ = {isa = PBXFileReference; explicitFileType = wrapper.application; includeInIndex = 0; path = SlideshowApp.app; sourceTree = BUILT_PRODUCTS_DIR; };
		035A03AD246E6BB8005E795C /* AppDelegate.swift */ = {isa = PBXFileReference; lastKnownFileType = sourcecode.swift; path = AppDelegate.swift; sourceTree = "<group>"; };
		035A03AF246E6BB8005E795C /* SceneDelegate.swift */ = {isa = PBXFileReference; lastKnownFileType = sourcecode.swift; path = SceneDelegate.swift; sourceTree = "<group>"; };
		035A03B1246E6BB8005E795C /* ViewController.swift */ = {isa = PBXFileReference; lastKnownFileType = sourcecode.swift; path = ViewController.swift; sourceTree = "<group>"; };
		035A03B4246E6BB8005E795C /* Base */ = {isa = PBXFileReference; lastKnownFileType = file.storyboard; name = Base; path = Base.lproj/Main.storyboard; sourceTree = "<group>"; };
		035A03B6246E6BC8005E795C /* Assets.xcassets */ = {isa = PBXFileReference; lastKnownFileType = folder.assetcatalog; path = Assets.xcassets; sourceTree = "<group>"; };
		035A03B9246E6BC8005E795C /* Base */ = {isa = PBXFileReference; lastKnownFileType = file.storyboard; name = Base; path = Base.lproj/LaunchScreen.storyboard; sourceTree = "<group>"; };
		035A03BB246E6BC8005E795C /* Info.plist */ = {isa = PBXFileReference; lastKnownFileType = text.plist.xml; path = Info.plist; sourceTree = "<group>"; };
		036D7BA42470AFA400B8B5CF /* ImageViewController.swift */ = {isa = PBXFileReference; lastKnownFileType = sourcecode.swift; path = ImageViewController.swift; sourceTree = "<group>"; };
		036D7BA62472220600B8B5CF /* xbox.jpg */ = {isa = PBXFileReference; lastKnownFileType = image.jpeg; name = xbox.jpg; path = ../../../Downloads/xbox.jpg; sourceTree = "<group>"; };
		036D7BA8247224E400B8B5CF /* ps4.png */ = {isa = PBXFileReference; lastKnownFileType = image.png; name = ps4.png; path = ../../../Downloads/ps4.png; sourceTree = "<group>"; };
		036D7BAA247224F600B8B5CF /* Wii.png */ = {isa = PBXFileReference; lastKnownFileType = image.png; name = Wii.png; path = ../../../Downloads/Wii.png; sourceTree = "<group>"; };
/* End PBXFileReference section */

/* Begin PBXFrameworksBuildPhase section */
		035A03A7246E6BB8005E795C /* Frameworks */ = {
			isa = PBXFrameworksBuildPhase;
			buildActionMask = 2147483647;
			files = (
			);
			runOnlyForDeploymentPostprocessing = 0;
		};
/* End PBXFrameworksBuildPhase section */

/* Begin PBXGroup section */
		035A03A1246E6BB8005E795C = {
			isa = PBXGroup;
			children = (
				035A03AC246E6BB8005E795C /* SlideshowApp */,
				035A03AB246E6BB8005E795C /* Products */,
			);
			sourceTree = "<group>";
		};
		035A03AB246E6BB8005E795C /* Products */ = {
			isa = PBXGroup;
			children = (
				035A03AA246E6BB8005E795C /* SlideshowApp.app */,
			);
			name = Products;
			sourceTree = "<group>";
		};
		035A03AC246E6BB8005E795C /* SlideshowApp */ = {
			isa = PBXGroup;
			children = (
				035A03AD246E6BB8005E795C /* AppDelegate.swift */,
				035A03AF246E6BB8005E795C /* SceneDelegate.swift */,
				035A03B1246E6BB8005E795C /* ViewController.swift */,
				036D7BA42470AFA400B8B5CF /* ImageViewController.swift */,
				035A03B3246E6BB8005E795C /* Main.storyboard */,
				035A03B6246E6BC8005E795C /* Assets.xcassets */,
				036D7BAA247224F600B8B5CF /* Wii.png */,
				036D7BA8247224E400B8B5CF /* ps4.png */,
				036D7BA62472220600B8B5CF /* xbox.jpg */,
				035A03B8246E6BC8005E795C /* LaunchScreen.storyboard */,
				035A03BB246E6BC8005E795C /* Info.plist */,
			);
			path = SlideshowApp;
			sourceTree = "<group>";
		};
/* End PBXGroup section */

/* Begin PBXNativeTarget section */
		035A03A9246E6BB8005E795C /* SlideshowApp */ = {
			isa = PBXNativeTarget;
			buildConfigurationList = 035A03BE246E6BC8005E795C /* Build configuration list for PBXNativeTarget "SlideshowApp" */;
			buildPhases = (
				035A03A6246E6BB8005E795C /* Sources */,
				035A03A7246E6BB8005E795C /* Frameworks */,
				035A03A8246E6BB8005E795C /* Resources */,
			);
			buildRules = (
			);
			dependencies = (
			);
			name = SlideshowApp;
			productName = SlideshowApp;
			productReference = 035A03AA246E6BB8005E795C /* SlideshowApp.app */;
			productType = "com.apple.product-type.application";
		};
/* End PBXNativeTarget section */

/* Begin PBXProject section */
		035A03A2246E6BB8005E795C /* Project object */ = {
			isa = PBXProject;
			attributes = {
				LastSwiftUpdateCheck = 1110;
				LastUpgradeCheck = 1110;
				ORGANIZATIONNAME = D;
				TargetAttributes = {
					035A03A9246E6BB8005E795C = {
						CreatedOnToolsVersion = 11.1;
					};
				};
			};
			buildConfigurationList = 035A03A5246E6BB8005E795C /* Build configuration list for PBXProject "SlideshowApp" */;
			compatibilityVersion = "Xcode 9.3";
			developmentRegion = en;
			hasScannedForEncodings = 0;
			knownRegions = (
				en,
				Base,
			);
			mainGroup = 035A03A1246E6BB8005E795C;
			productRefGroup = 035A03AB246E6BB8005E795C /* Products */;
			projectDirPath = "";
			projectRoot = "";
			targets = (
				035A03A9246E6BB8005E795C /* SlideshowApp */,
			);
		};
/* End PBXProject section */

/* Begin PBXResourcesBuildPhase section */
		035A03A8246E6BB8005E795C /* Resources */ = {
			isa = PBXResourcesBuildPhase;
			buildActionMask = 2147483647;
			files = (
				036D7BA72472220600B8B5CF /* xbox.jpg in Resources */,
				036D7BA9247224E400B8B5CF /* ps4.png in Resources */,
				035A03BA246E6BC8005E795C /* LaunchScreen.storyboard in Resources */,
				036D7BAB247224F600B8B5CF /* Wii.png in Resources */,
				035A03B7246E6BC8005E795C /* Assets.xcassets in Resources */,
				035A03B5246E6BB8005E795C /* Main.storyboard in Resources */,
			);
			runOnlyForDeploymentPostprocessing = 0;
		};
/* End PBXResourcesBuildPhase section */

/* Begin PBXSourcesBuildPhase section */
		035A03A6246E6BB8005E795C /* Sources */ = {
			isa = PBXSourcesBuildPhase;
			buildActionMask = 2147483647;
			files = (
				035A03B2246E6BB8005E795C /* ViewController.swift in Sources */,
				035A03AE246E6BB8005E795C /* AppDelegate.swift in Sources */,
				036D7BA52470AFA400B8B5CF /* ImageViewController.swift in Sources */,
				035A03B0246E6BB8005E795C /* SceneDelegate.swift in Sources */,
			);
			runOnlyForDeploymentPostprocessing = 0;
		};
/* End PBXSourcesBuildPhase section */

/* Begin PBXVariantGroup section */
		035A03B3246E6BB8005E795C /* Main.storyboard */ = {
			isa = PBXVariantGroup;
			children = (
				035A03B4246E6BB8005E795C /* Base */,
			);
			name = Main.storyboard;
			sourceTree = "<group>";
		};
		035A03B8246E6BC8005E795C /* LaunchScreen.storyboard */ = {
			isa = PBXVariantGroup;
			children = (
				035A03B9246E6BC8005E795C /* Base */,
			);
			name = LaunchScreen.storyboard;
			sourceTree = "<group>";
		};
/* End PBXVariantGroup section */

/* Begin XCBuildConfiguration section */
		035A03BC246E6BC8005E795C /* Debug */ = {
			isa = XCBuildConfiguration;
			buildSettings = {
				ALWAYS_SEARCH_USER_PATHS = NO;
				CLANG_ANALYZER_NONNULL = YES;
				CLANG_ANALYZER_NUMBER_OBJECT_CONVERSION = YES_AGGRESSIVE;
				CLANG_CXX_LANGUAGE_STANDARD = "gnu++14";
				CLANG_CXX_LIBRARY = "libc++";
				CLANG_ENABLE_MODULES = YES;
				CLANG_ENABLE_OBJC_ARC = YES;
				CLANG_ENABLE_OBJC_WEAK = YES;
				CLANG_WARN_BLOCK_CAPTURE_AUTORELEASING = YES;
				CLANG_WARN_BOOL_CONVERSION = YES;
				CLANG_WARN_COMMA = YES;
				CLANG_WARN_CONSTANT_CONVERSION = YES;
				CLANG_WARN_DEPRECATED_OBJC_IMPLEMENTATIONS = YES;
				CLANG_WARN_DIRECT_OBJC_ISA_USAGE = YES_ERROR;
				CLANG_WARN_DOCUMENTATION_COMMENTS = YES;
				CLANG_WARN_EMPTY_BODY = YES;
				CLANG_WARN_ENUM_CONVERSION = YES;
				CLANG_WARN_INFINITE_RECURSION = YES;
				CLANG_WARN_INT_CONVERSION = YES;
				CLANG_WARN_NON_LITERAL_NULL_CONVERSION = YES;
				CLANG_WARN_OBJC_IMPLICIT_RETAIN_SELF = YES;
				CLANG_WARN_OBJC_LITERAL_CONVERSION = YES;
				CLANG_WARN_OBJC_ROOT_CLASS = YES_ERROR;
				CLANG_WARN_RANGE_LOOP_ANALYSIS = YES;
				CLANG_WARN_STRICT_PROTOTYPES = YES;
				CLANG_WARN_SUSPICIOUS_MOVE = YES;
				CLANG_WARN_UNGUARDED_AVAILABILITY = YES_AGGRESSIVE;
				CLANG_WARN_UNREACHABLE_CODE = YES;
				CLANG_WARN__DUPLICATE_METHOD_MATCH = YES;
				COPY_PHASE_STRIP = NO;
				DEBUG_INFORMATION_FORMAT = dwarf;
				ENABLE_STRICT_OBJC_MSGSEND = YES;
				ENABLE_TESTABILITY = YES;
				GCC_C_LANGUAGE_STANDARD = gnu11;
				GCC_DYNAMIC_NO_PIC = NO;
				GCC_NO_COMMON_BLOCKS = YES;
				GCC_OPTIMIZATION_LEVEL = 0;
				GCC_PREPROCESSOR_DEFINITIONS = (
					"DEBUG=1",
					"$(inherited)",
				);
				GCC_WARN_64_TO_32_BIT_CONVERSION = YES;
				GCC_WARN_ABOUT_RETURN_TYPE = YES_ERROR;
				GCC_WARN_UNDECLARED_SELECTOR = YES;
				GCC_WARN_UNINITIALIZED_AUTOS = YES_AGGRESSIVE;
				GCC_WARN_UNUSED_FUNCTION = YES;
				GCC_WARN_UNUSED_VARIABLE = YES;
				IPHONEOS_DEPLOYMENT_TARGET = 13.1;
				MTL_ENABLE_DEBUG_INFO = INCLUDE_SOURCE;
				MTL_FAST_MATH = YES;
				ONLY_ACTIVE_ARCH = YES;
				SDKROOT = iphoneos;
				SWIFT_ACTIVE_COMPILATION_CONDITIONS = DEBUG;
				SWIFT_OPTIMIZATION_LEVEL = "-Onone";
			};
			name = Debug;
		};
		035A03BD246E6BC8005E795C /* Release */ = {
			isa = XCBuildConfiguration;
			buildSettings = {
				ALWAYS_SEARCH_USER_PATHS = NO;
				CLANG_ANALYZER_NONNULL = YES;
				CLANG_ANALYZER_NUMBER_OBJECT_CONVERSION = YES_AGGRESSIVE;
				CLANG_CXX_LANGUAGE_STANDARD = "gnu++14";
				CLANG_CXX_LIBRARY = "libc++";
				CLANG_ENABLE_MODULES = YES;
				CLANG_ENABLE_OBJC_ARC = YES;
				CLANG_ENABLE_OBJC_WEAK = YES;
				CLANG_WARN_BLOCK_CAPTURE_AUTORELEASING = YES;
				CLANG_WARN_BOOL_CONVERSION = YES;
				CLANG_WARN_COMMA = YES;
				CLANG_WARN_CONSTANT_CONVERSION = YES;
				CLANG_WARN_DEPRECATED_OBJC_IMPLEMENTATIONS = YES;
				CLANG_WARN_DIRECT_OBJC_ISA_USAGE = YES_ERROR;
				CLANG_WARN_DOCUMENTATION_COMMENTS = YES;
				CLANG_WARN_EMPTY_BODY = YES;
				CLANG_WARN_ENUM_CONVERSION = YES;
				CLANG_WARN_INFINITE_RECURSION = YES;
				CLANG_WARN_INT_CONVERSION = YES;
				CLANG_WARN_NON_LITERAL_NULL_CONVERSION = YES;
				CLANG_WARN_OBJC_IMPLICIT_RETAIN_SELF = YES;
				CLANG_WARN_OBJC_LITERAL_CONVERSION = YES;
				CLANG_WARN_OBJC_ROOT_CLASS = YES_ERROR;
				CLANG_WARN_RANGE_LOOP_ANALYSIS = YES;
				CLANG_WARN_STRICT_PROTOTYPES = YES;
				CLANG_WARN_SUSPICIOUS_MOVE = YES;
				CLANG_WARN_UNGUARDED_AVAILABILITY = YES_AGGRESSIVE;
				CLANG_WARN_UNREACHABLE_CODE = YES;
				CLANG_WARN__DUPLICATE_METHOD_MATCH = YES;
				COPY_PHASE_STRIP = NO;
				DEBUG_INFORMATION_FORMAT = "dwarf-with-dsym";
				ENABLE_NS_ASSERTIONS = NO;
				ENABLE_STRICT_OBJC_MSGSEND = YES;
				GCC_C_LANGUAGE_STANDARD = gnu11;
				GCC_NO_COMMON_BLOCKS = YES;
				GCC_WARN_64_TO_32_BIT_CONVERSION = YES;
				GCC_WARN_ABOUT_RETURN_TYPE = YES_ERROR;
				GCC_WARN_UNDECLARED_SELECTOR = YES;
				GCC_WARN_UNINITIALIZED_AUTOS = YES_AGGRESSIVE;
				GCC_WARN_UNUSED_FUNCTION = YES;
				GCC_WARN_UNUSED_VARIABLE = YES;
				IPHONEOS_DEPLOYMENT_TARGET = 13.1;
				MTL_ENABLE_DEBUG_INFO = NO;
				MTL_FAST_MATH = YES;
				SDKROOT = iphoneos;
				SWIFT_COMPILATION_MODE = wholemodule;
				SWIFT_OPTIMIZATION_LEVEL = "-O";
				VALIDATE_PRODUCT = YES;
			};
			name = Release;
		};
		035A03BF246E6BC8005E795C /* Debug */ = {
			isa = XCBuildConfiguration;
			buildSettings = {
				ASSETCATALOG_COMPILER_APPICON_NAME = AppIcon;
				CODE_SIGN_STYLE = Automatic;
				INFOPLIST_FILE = SlideshowApp/Info.plist;
				LD_RUNPATH_SEARCH_PATHS = (
					"$(inherited)",
					"@executable_path/Frameworks",
				);
				PRODUCT_BUNDLE_IDENTIFIER = jp.dragon.engineer.D.SlideshowApp;
				PRODUCT_NAME = "$(TARGET_NAME)";
				SWIFT_VERSION = 5.0;
				TARGETED_DEVICE_FAMILY = "1,2";
			};
			name = Debug;
		};
		035A03C0246E6BC8005E795C /* Release */ = {
			isa = XCBuildConfiguration;
			buildSettings = {
				ASSETCATALOG_COMPILER_APPICON_NAME = AppIcon;
				CODE_SIGN_STYLE = Automatic;
				INFOPLIST_FILE = SlideshowApp/Info.plist;
				LD_RUNPATH_SEARCH_PATHS = (
					"$(inherited)",
					"@executable_path/Frameworks",
				);
				PRODUCT_BUNDLE_IDENTIFIER = jp.dragon.engineer.D.SlideshowApp;
				PRODUCT_NAME = "$(TARGET_NAME)";
				SWIFT_VERSION = 5.0;
				TARGETED_DEVICE_FAMILY = "1,2";
			};
			name = Release;
		};
/* End XCBuildConfiguration section */

/* Begin XCConfigurationList section */
		035A03A5246E6BB8005E795C /* Build configuration list for PBXProject "SlideshowApp" */ = {
			isa = XCConfigurationList;
			buildConfigurations = (
				035A03BC246E6BC8005E795C /* Debug */,
				035A03BD246E6BC8005E795C /* Release */,
			);
			defaultConfigurationIsVisible = 0;
			defaultConfigurationName = Release;
		};
		035A03BE246E6BC8005E795C /* Build configuration list for PBXNativeTarget "SlideshowApp" */ = {
			isa = XCConfigurationList;
			buildConfigurations = (
				035A03BF246E6BC8005E795C /* Debug */,
				035A03C0246E6BC8005E795C /* Release */,
			);
			defaultConfigurationIsVisible = 0;
			defaultConfigurationName = Release;
		};
/* End XCConfigurationList section */
	};
	rootObject = 035A03A2246E6BB8005E795C /* Project object */;
}
